
Microsoft Visual Studio Solution File, Format Version 12.00
# Visual Studio 2012
Project("{FAE04EC0-301F-11D3-BF4B-00C04F79EFBC}") = "TicTacToeServer", "TicTacToeServer\TicTacToeServer.csproj", "{48C0F634-569A-4871-B8E5-C4556782A930}"
EndProject
Global
	GlobalSection(SolutionConfigurationPlatforms) = preSolution
		Debug|Any CPU = Debug|Any CPU
		Release|Any CPU = Release|Any CPU
	EndGlobalSection
	GlobalSection(ProjectConfigurationPlatforms) = postSolution
		{48C0F634-569A-4871-B8E5-C4556782A930}.Debug|Any CPU.ActiveCfg = Debug|Any CPU
		{48C0F634-569A-4871-B8E5-C4556782A930}.Debug|Any CPU.Build.0 = Debug|Any CPU
		{48C0F634-569A-4871-B8E5-C4556782A930}.Release|Any CPU.ActiveCfg = Release|Any CPU
		{48C0F634-569A-4871-B8E5-C4556782A930}.Release|Any CPU.Build.0 = Release|Any CPU
	EndGlobalSection
EndGlobal
